
Microsoft Visual Studio Solution File, Format Version 12.00
Project("{FAE04EC0-301F-11D3-BF4B-00C04F79EFBC}") = "Dank", "Dank\Dank.csproj", "{94C5C8BE-6CA4-46FE-8D6C-E2FBDBC687C0}"
EndProject
Global
	GlobalSection(SolutionConfigurationPlatforms) = preSolution
		Debug|Any CPU = Debug|Any CPU
		Release|Any CPU = Release|Any CPU
	EndGlobalSection
	GlobalSection(ProjectConfigurationPlatforms) = postSolution
		{94C5C8BE-6CA4-46FE-8D6C-E2FBDBC687C0}.Debug|Any CPU.ActiveCfg = Debug|Any CPU
		{94C5C8BE-6CA4-46FE-8D6C-E2FBDBC687C0}.Debug|Any CPU.Build.0 = Debug|Any CPU
		{94C5C8BE-6CA4-46FE-8D6C-E2FBDBC687C0}.Release|Any CPU.ActiveCfg = Release|Any CPU
		{94C5C8BE-6CA4-46FE-8D6C-E2FBDBC687C0}.Release|Any CPU.Build.0 = Release|Any CPU
	EndGlobalSection
EndGlobal
